
Microsoft Visual Studio Solution File, Format Version 12.00
# Visual Studio Version 17
VisualStudioVersion = 17.4.33213.308
MinimumVisualStudioVersion = 10.0.40219.1
Project("{FAE04EC0-301F-11D3-BF4B-00C04F79EFBC}") = "SchoolTestingSystem", "SchholTestingSystem\SchoolTestingSystem.csproj", "{2D42457B-09D1-46BB-A833-584578D280B1}"
EndProject
Global
	GlobalSection(SolutionConfigurationPlatforms) = preSolution
		Debug|Any CPU = Debug|Any CPU
		Release|Any CPU = Release|Any CPU
	EndGlobalSection
	GlobalSection(ProjectConfigurationPlatforms) = postSolution
		{2D42457B-09D1-46BB-A833-584578D280B1}.Debug|Any CPU.ActiveCfg = Debug|Any CPU
		{2D42457B-09D1-46BB-A833-584578D280B1}.Debug|Any CPU.Build.0 = Debug|Any CPU
		{2D42457B-09D1-46BB-A833-584578D280B1}.Release|Any CPU.ActiveCfg = Release|Any CPU
		{2D42457B-09D1-46BB-A833-584578D280B1}.Release|Any CPU.Build.0 = Release|Any CPU
	EndGlobalSection
	GlobalSection(SolutionProperties) = preSolution
		HideSolutionNode = FALSE
	EndGlobalSection
	GlobalSection(ExtensibilityGlobals) = postSolution
		SolutionGuid = {EDB335FD-BA9D-439B-BE14-5F587A447FD1}
	EndGlobalSection
EndGlobal
